
Microsoft Visual Studio Solution File, Format Version 12.00
# Visual Studio Version 16
VisualStudioVersion = 16.0.31729.503
MinimumVisualStudioVersion = 10.0.40219.1
Project("{9A19103F-16F7-4668-BE54-9A1E7A4F7556}") = "Project", "Premier\Project.csproj", "{377F3443-29DA-439E-9D06-FE896B71D26F}"
EndProject
Global
	GlobalSection(SolutionConfigurationPlatforms) = preSolution
		Debug|Any CPU = Debug|Any CPU
		Release|Any CPU = Release|Any CPU
	EndGlobalSection
	GlobalSection(ProjectConfigurationPlatforms) = postSolution
		{377F3443-29DA-439E-9D06-FE896B71D26F}.Debug|Any CPU.ActiveCfg = Debug|Any CPU
		{377F3443-29DA-439E-9D06-FE896B71D26F}.Debug|Any CPU.Build.0 = Debug|Any CPU
		{377F3443-29DA-439E-9D06-FE896B71D26F}.Release|Any CPU.ActiveCfg = Release|Any CPU
		{377F3443-29DA-439E-9D06-FE896B71D26F}.Release|Any CPU.Build.0 = Release|Any CPU
	EndGlobalSection
	GlobalSection(SolutionProperties) = preSolution
		HideSolutionNode = FALSE
	EndGlobalSection
	GlobalSection(ExtensibilityGlobals) = postSolution
		SolutionGuid = {49A76900-A291-4267-ACE5-8EEEB585F8DC}
	EndGlobalSection
EndGlobal
